
Microsoft Visual Studio Solution File, Format Version 12.00
# Visual Studio Version 17
VisualStudioVersion = 17.6.33829.357
MinimumVisualStudioVersion = 10.0.40219.1
Project("{8BC9CEB8-8B4A-11D0-8D11-00A0C91BC942}") = "Homework_algocpp_05_2", "Homework_algocpp_05_2.vcxproj", "{AB69AD7C-DE98-49F6-92B2-5C12B88E1767}"
EndProject
Global
	GlobalSection(SolutionConfigurationPlatforms) = preSolution
		Debug|x64 = Debug|x64
		Debug|x86 = Debug|x86
		Release|x64 = Release|x64
		Release|x86 = Release|x86
	EndGlobalSection
	GlobalSection(ProjectConfigurationPlatforms) = postSolution
		{AB69AD7C-DE98-49F6-92B2-5C12B88E1767}.Debug|x64.ActiveCfg = Debug|x64
		{AB69AD7C-DE98-49F6-92B2-5C12B88E1767}.Debug|x64.Build.0 = Debug|x64
		{AB69AD7C-DE98-49F6-92B2-5C12B88E1767}.Debug|x86.ActiveCfg = Debug|Win32
		{AB69AD7C-DE98-49F6-92B2-5C12B88E1767}.Debug|x86.Build.0 = Debug|Win32
		{AB69AD7C-DE98-49F6-92B2-5C12B88E1767}.Release|x64.ActiveCfg = Release|x64
		{AB69AD7C-DE98-49F6-92B2-5C12B88E1767}.Release|x64.Build.0 = Release|x64
		{AB69AD7C-DE98-49F6-92B2-5C12B88E1767}.Release|x86.ActiveCfg = Release|Win32
		{AB69AD7C-DE98-49F6-92B2-5C12B88E1767}.Release|x86.Build.0 = Release|Win32
	EndGlobalSection
	GlobalSection(SolutionProperties) = preSolution
		HideSolutionNode = FALSE
	EndGlobalSection
	GlobalSection(ExtensibilityGlobals) = postSolution
		SolutionGuid = {B4C7333D-781B-491F-88D5-94043587EA1D}
	EndGlobalSection
EndGlobal
